// !$*UTF8*$!
{
	archiveVersion = 1;
	classes = {
	};
	objectVersion = 46;
	objects = {

/* Begin PBXBuildFile section */
		9E533E501A56F6D800D7DFF0 /* AppDelegate.swift in Sources */ = {isa = PBXBuildFile; fileRef = 9E533E4F1A56F6D800D7DFF0 /* AppDelegate.swift */; };
		9E533E521A56F6D800D7DFF0 /* ViewController.swift in Sources */ = {isa = PBXBuildFile; fileRef = 9E533E511A56F6D800D7DFF0 /* ViewController.swift */; };
		9E533E551A56F6D800D7DFF0 /* Main.storyboard in Resources */ = {isa = PBXBuildFile; fileRef = 9E533E531A56F6D800D7DFF0 /* Main.storyboard */; };
		9E533E571A56F6D800D7DFF0 /* Images.xcassets in Resources */ = {isa = PBXBuildFile; fileRef = 9E533E561A56F6D800D7DFF0 /* Images.xcassets */; };
		9E533E5A1A56F6D800D7DFF0 /* LaunchScreen.xib in Resources */ = {isa = PBXBuildFile; fileRef = 9E533E581A56F6D800D7DFF0 /* LaunchScreen.xib */; };
		9E533E661A56F6D900D7DFF0 /* SoundsTests.swift in Sources */ = {isa = PBXBuildFile; fileRef = 9E533E651A56F6D900D7DFF0 /* SoundsTests.swift */; };
/* End PBXBuildFile section */

/* Begin PBXContainerItemProxy section */
		9E533E601A56F6D800D7DFF0 /* PBXContainerItemProxy */ = {
			isa = PBXContainerItemProxy;
			containerPortal = 9E533E421A56F6D800D7DFF0 /* Project object */;
			proxyType = 1;
			remoteGlobalIDString = 9E533E491A56F6D800D7DFF0;
			remoteInfo = Sounds;
		};
/* End PBXContainerItemProxy section */

/* Begin PBXFileReference section */
		9E533E4A1A56F6D800D7DFF0 /* Sounds.app */ = {isa = PBXFileReference; explicitFileType = wrapper.application; includeInIndex = 0; path = Sounds.app; sourceTree = BUILT_PRODUCTS_DIR; };
		9E533E4E1A56F6D800D7DFF0 /* Info.plist */ = {isa = PBXFileReference; lastKnownFileType = text.plist.xml; path = Info.plist; sourceTree = "<group>"; };
		9E533E4F1A56F6D800D7DFF0 /* AppDelegate.swift */ = {isa = PBXFileReference; lastKnownFileType = sourcecode.swift; path = AppDelegate.swift; sourceTree = "<group>"; };
		9E533E511A56F6D800D7DFF0 /* ViewController.swift */ = {isa = PBXFileReference; lastKnownFileType = sourcecode.swift; path = ViewController.swift; sourceTree = "<group>"; };
		9E533E541A56F6D800D7DFF0 /* Base */ = {isa = PBXFileReference; lastKnownFileType = file.storyboard; name = Base; path = Base.lproj/Main.storyboard; sourceTree = "<group>"; };
		9E533E561A56F6D800D7DFF0 /* Images.xcassets */ = {isa = PBXFileReference; lastKnownFileType = folder.assetcatalog; path = Images.xcassets; sourceTree = "<group>"; };
		9E533E591A56F6D800D7DFF0 /* Base */ = {isa = PBXFileReference; lastKnownFileType = file.xib; name = Base; path = Base.lproj/LaunchScreen.xib; sourceTree = "<group>"; };
		9E533E5F1A56F6D800D7DFF0 /* SoundsTests.xctest */ = {isa = PBXFileReference; explicitFileType = wrapper.cfbundle; includeInIndex = 0; path = SoundsTests.xctest; sourceTree = BUILT_PRODUCTS_DIR; };
		9E533E641A56F6D900D7DFF0 /* Info.plist */ = {isa = PBXFileReference; lastKnownFileType = text.plist.xml; path = Info.plist; sourceTree = "<group>"; };
		9E533E651A56F6D900D7DFF0 /* SoundsTests.swift */ = {isa = PBXFileReference; lastKnownFileType = sourcecode.swift; path = SoundsTests.swift; sourceTree = "<group>"; };
/* End PBXFileReference section */

/* Begin PBXFrameworksBuildPhase section */
		9E533E471A56F6D800D7DFF0 /* Frameworks */ = {
			isa = PBXFrameworksBuildPhase;
			buildActionMask = 2147483647;
			files = (
			);
			runOnlyForDeploymentPostprocessing = 0;
		};
		9E533E5C1A56F6D800D7DFF0 /* Frameworks */ = {
			isa = PBXFrameworksBuildPhase;
			buildActionMask = 2147483647;
			files = (
			);
			runOnlyForDeploymentPostprocessing = 0;
		};
/* End PBXFrameworksBuildPhase section */

/* Begin PBXGroup section */
		9E533E411A56F6D800D7DFF0 = {
			isa = PBXGroup;
			children = (
				9E533E4C1A56F6D800D7DFF0 /* Sounds */,
				9E533E621A56F6D900D7DFF0 /* SoundsTests */,
				9E533E4B1A56F6D800D7DFF0 /* Products */,
			);
			sourceTree = "<group>";
		};
		9E533E4B1A56F6D800D7DFF0 /* Products */ = {
			isa = PBXGroup;
			children = (
				9E533E4A1A56F6D800D7DFF0 /* Sounds.app */,
				9E533E5F1A56F6D800D7DFF0 /* SoundsTests.xctest */,
			);
			name = Products;
			sourceTree = "<group>";
		};
		9E533E4C1A56F6D800D7DFF0 /* Sounds */ = {
			isa = PBXGroup;
			children = (
				9E533E4F1A56F6D800D7DFF0 /* AppDelegate.swift */,
				9E533E511A56F6D800D7DFF0 /* ViewController.swift */,
				9E533E531A56F6D800D7DFF0 /* Main.storyboard */,
				9E533E561A56F6D800D7DFF0 /* Images.xcassets */,
				9E533E581A56F6D800D7DFF0 /* LaunchScreen.xib */,
				9E533E4D1A56F6D800D7DFF0 /* Supporting Files */,
			);
			path = Sounds;
			sourceTree = "<group>";
		};
		9E533E4D1A56F6D800D7DFF0 /* Supporting Files */ = {
			isa = PBXGroup;
			children = (
				9E533E4E1A56F6D800D7DFF0 /* Info.plist */,
			);
			name = "Supporting Files";
			sourceTree = "<group>";
		};
		9E533E621A56F6D900D7DFF0 /* SoundsTests */ = {
			isa = PBXGroup;
			children = (
				9E533E651A56F6D900D7DFF0 /* SoundsTests.swift */,
				9E533E631A56F6D900D7DFF0 /* Supporting Files */,
			);
			path = SoundsTests;
			sourceTree = "<group>";
		};
		9E533E631A56F6D900D7DFF0 /* Supporting Files */ = {
			isa = PBXGroup;
			children = (
				9E533E641A56F6D900D7DFF0 /* Info.plist */,
			);
			name = "Supporting Files";
			sourceTree = "<group>";
		};
/* End PBXGroup section */

/* Begin PBXNativeTarget section */
		9E533E491A56F6D800D7DFF0 /* Sounds */ = {
			isa = PBXNativeTarget;
			buildConfigurationList = 9E533E691A56F6D900D7DFF0 /* Build configuration list for PBXNativeTarget "Sounds" */;
			buildPhases = (
				9E533E461A56F6D800D7DFF0 /* Sources */,
				9E533E471A56F6D800D7DFF0 /* Frameworks */,
				9E533E481A56F6D800D7DFF0 /* Resources */,
			);
			buildRules = (
			);
			dependencies = (
			);
			name = Sounds;
			productName = Sounds;
			productReference = 9E533E4A1A56F6D800D7DFF0 /* Sounds.app */;
			productType = "com.apple.product-type.application";
		};
		9E533E5E1A56F6D800D7DFF0 /* SoundsTests */ = {
			isa = PBXNativeTarget;
			buildConfigurationList = 9E533E6C1A56F6D900D7DFF0 /* Build configuration list for PBXNativeTarget "SoundsTests" */;
			buildPhases = (
				9E533E5B1A56F6D800D7DFF0 /* Sources */,
				9E533E5C1A56F6D800D7DFF0 /* Frameworks */,
				9E533E5D1A56F6D800D7DFF0 /* Resources */,
			);
			buildRules = (
			);
			dependencies = (
				9E533E611A56F6D800D7DFF0 /* PBXTargetDependency */,
			);
			name = SoundsTests;
			productName = SoundsTests;
			productReference = 9E533E5F1A56F6D800D7DFF0 /* SoundsTests.xctest */;
			productType = "com.apple.product-type.bundle.unit-test";
		};
/* End PBXNativeTarget section */

/* Begin PBXProject section */
		9E533E421A56F6D800D7DFF0 /* Project object */ = {
			isa = PBXProject;
			attributes = {
				LastUpgradeCheck = 0610;
				ORGANIZATIONNAME = "Cherie Luo";
				TargetAttributes = {
					9E533E491A56F6D800D7DFF0 = {
						CreatedOnToolsVersion = 6.1.1;
					};
					9E533E5E1A56F6D800D7DFF0 = {
						CreatedOnToolsVersion = 6.1.1;
						TestTargetID = 9E533E491A56F6D800D7DFF0;
					};
				};
			};
			buildConfigurationList = 9E533E451A56F6D800D7DFF0 /* Build configuration list for PBXProject "Sounds" */;
			compatibilityVersion = "Xcode 3.2";
			developmentRegion = English;
			hasScannedForEncodings = 0;
			knownRegions = (
				en,
				Base,
			);
			mainGroup = 9E533E411A56F6D800D7DFF0;
			productRefGroup = 9E533E4B1A56F6D800D7DFF0 /* Products */;
			projectDirPath = "";
			projectRoot = "";
			targets = (
				9E533E491A56F6D800D7DFF0 /* Sounds */,
				9E533E5E1A56F6D800D7DFF0 /* SoundsTests */,
			);
		};
/* End PBXProject section */

/* Begin PBXResourcesBuildPhase section */
		9E533E481A56F6D800D7DFF0 /* Resources */ = {
			isa = PBXResourcesBuildPhase;
			buildActionMask = 2147483647;
			files = (
				9E533E551A56F6D800D7DFF0 /* Main.storyboard in Resources */,
				9E533E5A1A56F6D800D7DFF0 /* LaunchScreen.xib in Resources */,
				9E533E571A56F6D800D7DFF0 /* Images.xcassets in Resources */,
			);
			runOnlyForDeploymentPostprocessing = 0;
		};
		9E533E5D1A56F6D800D7DFF0 /* Resources */ = {
			isa = PBXResourcesBuildPhase;
			buildActionMask = 2147483647;
			files = (
			);
			runOnlyForDeploymentPostprocessing = 0;
		};
/* End PBXResourcesBuildPhase section */

/* Begin PBXSourcesBuildPhase section */
		9E533E461A56F6D800D7DFF0 /* Sources */ = {
			isa = PBXSourcesBuildPhase;
			buildActionMask = 2147483647;
			files = (
				9E533E521A56F6D800D7DFF0 /* ViewController.swift in Sources */,
				9E533E501A56F6D800D7DFF0 /* AppDelegate.swift in Sources */,
			);
			runOnlyForDeploymentPostprocessing = 0;
		};
		9E533E5B1A56F6D800D7DFF0 /* Sources */ = {
			isa = PBXSourcesBuildPhase;
			buildActionMask = 2147483647;
			files = (
				9E533E661A56F6D900D7DFF0 /* SoundsTests.swift in Sources */,
			);
			runOnlyForDeploymentPostprocessing = 0;
		};
/* End PBXSourcesBuildPhase section */

/* Begin PBXTargetDependency section */
		9E533E611A56F6D800D7DFF0 /* PBXTargetDependency */ = {
			isa = PBXTargetDependency;
			target = 9E533E491A56F6D800D7DFF0 /* Sounds */;
			targetProxy = 9E533E601A56F6D800D7DFF0 /* PBXContainerItemProxy */;
		};
/* End PBXTargetDependency section */

/* Begin PBXVariantGroup section */
		9E533E531A56F6D800D7DFF0 /* Main.storyboard */ = {
			isa = PBXVariantGroup;
			children = (
				9E533E541A56F6D800D7DFF0 /* Base */,
			);
			name = Main.storyboard;
			sourceTree = "<group>";
		};
		9E533E581A56F6D800D7DFF0 /* LaunchScreen.xib */ = {
			isa = PBXVariantGroup;
			children = (
				9E533E591A56F6D800D7DFF0 /* Base */,
			);
			name = LaunchScreen.xib;
			sourceTree = "<group>";
		};
/* End PBXVariantGroup section */

/* Begin XCBuildConfiguration section */
		9E533E671A56F6D900D7DFF0 /* Debug */ = {
			isa = XCBuildConfiguration;
			buildSettings = {
				ALWAYS_SEARCH_USER_PATHS = NO;
				CLANG_CXX_LANGUAGE_STANDARD = "gnu++0x";
				CLANG_CXX_LIBRARY = "libc++";
				CLANG_ENABLE_MODULES = YES;
				CLANG_ENABLE_OBJC_ARC = YES;
				CLANG_WARN_BOOL_CONVERSION = YES;
				CLANG_WARN_CONSTANT_CONVERSION = YES;
				CLANG_WARN_DIRECT_OBJC_ISA_USAGE = YES_ERROR;
				CLANG_WARN_EMPTY_BODY = YES;
				CLANG_WARN_ENUM_CONVERSION = YES;
				CLANG_WARN_INT_CONVERSION = YES;
				CLANG_WARN_OBJC_ROOT_CLASS = YES_ERROR;
				CLANG_WARN_UNREACHABLE_CODE = YES;
				CLANG_WARN__DUPLICATE_METHOD_MATCH = YES;
				"CODE_SIGN_IDENTITY[sdk=iphoneos*]" = "iPhone Developer";
				COPY_PHASE_STRIP = NO;
				ENABLE_STRICT_OBJC_MSGSEND = YES;
				GCC_C_LANGUAGE_STANDARD = gnu99;
				GCC_DYNAMIC_NO_PIC = NO;
				GCC_OPTIMIZATION_LEVEL = 0;
				GCC_PREPROCESSOR_DEFINITIONS = (
					"DEBUG=1",
					"$(inherited)",
				);
				GCC_SYMBOLS_PRIVATE_EXTERN = NO;
				GCC_WARN_64_TO_32_BIT_CONVERSION = YES;
				GCC_WARN_ABOUT_RETURN_TYPE = YES_ERROR;
				GCC_WARN_UNDECLARED_SELECTOR = YES;
				GCC_WARN_UNINITIALIZED_AUTOS = YES_AGGRESSIVE;
				GCC_WARN_UNUSED_FUNCTION = YES;
				GCC_WARN_UNUSED_VARIABLE = YES;
				IPHONEOS_DEPLOYMENT_TARGET = 8.1;
				MTL_ENABLE_DEBUG_INFO = YES;
				ONLY_ACTIVE_ARCH = YES;
				SDKROOT = iphoneos;
				SWIFT_OPTIMIZATION_LEVEL = "-Onone";
				TARGETED_DEVICE_FAMILY = "1,2";
			};
			name = Debug;
		};
		9E533E681A56F6D900D7DFF0 /* Release */ = {
			isa = XCBuildConfiguration;
			buildSettings = {
				ALWAYS_SEARCH_USER_PATHS = NO;
				CLANG_CXX_LANGUAGE_STANDARD = "gnu++0x";
				CLANG_CXX_LIBRARY = "libc++";
				CLANG_ENABLE_MODULES = YES;
				CLANG_ENABLE_OBJC_ARC = YES;
				CLANG_WARN_BOOL_CONVERSION = YES;
				CLANG_WARN_CONSTANT_CONVERSION = YES;
				CLANG_WARN_DIRECT_OBJC_ISA_USAGE = YES_ERROR;
				CLANG_WARN_EMPTY_BODY = YES;
				CLANG_WARN_ENUM_CONVERSION = YES;
				CLANG_WARN_INT_CONVERSION = YES;
				CLANG_WARN_OBJC_ROOT_CLASS = YES_ERROR;
				CLANG_WARN_UNREACHABLE_CODE = YES;
				CLANG_WARN__DUPLICATE_METHOD_MATCH = YES;
				"CODE_SIGN_IDENTITY[sdk=iphoneos*]" = "iPhone Developer";
				COPY_PHASE_STRIP = YES;
				ENABLE_NS_ASSERTIONS = NO;
				ENABLE_STRICT_OBJC_MSGSEND = YES;
				GCC_C_LANGUAGE_STANDARD = gnu99;
				GCC_WARN_64_TO_32_BIT_CONVERSION = YES;
				GCC_WARN_ABOUT_RETURN_TYPE = YES_ERROR;
				GCC_WARN_UNDECLARED_SELECTOR = YES;
				GCC_WARN_UNINITIALIZED_AUTOS = YES_AGGRESSIVE;
				GCC_WARN_UNUSED_FUNCTION = YES;
				GCC_WARN_UNUSED_VARIABLE = YES;
				IPHONEOS_DEPLOYMENT_TARGET = 8.1;
				MTL_ENABLE_DEBUG_INFO = NO;
				SDKROOT = iphoneos;
				TARGETED_DEVICE_FAMILY = "1,2";
				VALIDATE_PRODUCT = YES;
			};
			name = Release;
		};
		9E533E6A1A56F6D900D7DFF0 /* Debug */ = {
			isa = XCBuildConfiguration;
			buildSettings = {
				ASSETCATALOG_COMPILER_APPICON_NAME = AppIcon;
				INFOPLIST_FILE = Sounds/Info.plist;
				LD_RUNPATH_SEARCH_PATHS = "$(inherited) @executable_path/Frameworks";
				PRODUCT_NAME = "$(TARGET_NAME)";
			};
			name = Debug;
		};
		9E533E6B1A56F6D900D7DFF0 /* Release */ = {
			isa = XCBuildConfiguration;
			buildSettings = {
				ASSETCATALOG_COMPILER_APPICON_NAME = AppIcon;
				INFOPLIST_FILE = Sounds/Info.plist;
				LD_RUNPATH_SEARCH_PATHS = "$(inherited) @executable_path/Frameworks";
				PRODUCT_NAME = "$(TARGET_NAME)";
			};
			name = Release;
		};
		9E533E6D1A56F6D900D7DFF0 /* Debug */ = {
			isa = XCBuildConfiguration;
			buildSettings = {
				BUNDLE_LOADER = "$(TEST_HOST)";
				FRAMEWORK_SEARCH_PATHS = (
					"$(SDKROOT)/Developer/Library/Frameworks",
					"$(inherited)",
				);
				GCC_PREPROCESSOR_DEFINITIONS = (
					"DEBUG=1",
					"$(inherited)",
				);
				INFOPLIST_FILE = SoundsTests/Info.plist;
				LD_RUNPATH_SEARCH_PATHS = "$(inherited) @executable_path/Frameworks @loader_path/Frameworks";
				PRODUCT_NAME = "$(TARGET_NAME)";
				TEST_HOST = "$(BUILT_PRODUCTS_DIR)/Sounds.app/Sounds";
			};
			name = Debug;
		};
		9E533E6E1A56F6D900D7DFF0 /* Release */ = {
			isa = XCBuildConfiguration;
			buildSettings = {
				BUNDLE_LOADER = "$(TEST_HOST)";
				FRAMEWORK_SEARCH_PATHS = (
					"$(SDKROOT)/Developer/Library/Frameworks",
					"$(inherited)",
				);
				INFOPLIST_FILE = SoundsTests/Info.plist;
				LD_RUNPATH_SEARCH_PATHS = "$(inherited) @executable_path/Frameworks @loader_path/Frameworks";
				PRODUCT_NAME = "$(TARGET_NAME)";
				TEST_HOST = "$(BUILT_PRODUCTS_DIR)/Sounds.app/Sounds";
			};
			name = Release;
		};
/* End XCBuildConfiguration section */

/* Begin XCConfigurationList section */
		9E533E451A56F6D800D7DFF0 /* Build configuration list for PBXProject "Sounds" */ = {
			isa = XCConfigurationList;
			buildConfigurations = (
				9E533E671A56F6D900D7DFF0 /* Debug */,
				9E533E681A56F6D900D7DFF0 /* Release */,
			);
			defaultConfigurationIsVisible = 0;
			defaultConfigurationName = Release;
		};
		9E533E691A56F6D900D7DFF0 /* Build configuration list for PBXNativeTarget "Sounds" */ = {
			isa = XCConfigurationList;
			buildConfigurations = (
				9E533E6A1A56F6D900D7DFF0 /* Debug */,
				9E533E6B1A56F6D900D7DFF0 /* Release */,
			);
			defaultConfigurationIsVisible = 0;
		};
		9E533E6C1A56F6D900D7DFF0 /* Build configuration list for PBXNativeTarget "SoundsTests" */ = {
			isa = XCConfigurationList;
			buildConfigurations = (
				9E533E6D1A56F6D900D7DFF0 /* Debug */,
				9E533E6E1A56F6D900D7DFF0 /* Release */,
			);
			defaultConfigurationIsVisible = 0;
		};
/* End XCConfigurationList section */
	};
	rootObject = 9E533E421A56F6D800D7DFF0 /* Project object */;
}
