// !$*UTF8*$!
{
	archiveVersion = 1;
	classes = {
	};
	objectVersion = 46;
	objects = {

/* Begin PBXBuildFile section */
		5E01CCD11AB7760A004DBF8B /* ViewControllerSetup.swift in Sources */ = {isa = PBXBuildFile; fileRef = 5E01CCD01AB7760A004DBF8B /* ViewControllerSetup.swift */; };
		9E0F637E1A64674F00013538 /* ViewController2.swift in Sources */ = {isa = PBXBuildFile; fileRef = 9E0F637D1A64674F00013538 /* ViewController2.swift */; };
		9E19D3D31A63279200480690 /* Explosion.mp3 in Resources */ = {isa = PBXBuildFile; fileRef = 9E19D3D21A63279200480690 /* Explosion.mp3 */; };
		9E19D3D71A63487B00480690 /* PhoneStatic.mp3 in Resources */ = {isa = PBXBuildFile; fileRef = 9E19D3D61A63487B00480690 /* PhoneStatic.mp3 */; };
		9E19D3D91A63488300480690 /* Meow.mp3 in Resources */ = {isa = PBXBuildFile; fileRef = 9E19D3D81A63488300480690 /* Meow.mp3 */; };
		9E19D3DB1A63488800480690 /* Woof.mp3 in Resources */ = {isa = PBXBuildFile; fileRef = 9E19D3DA1A63488800480690 /* Woof.mp3 */; };
		9E19D3DD1A63488C00480690 /* Yeehaw.mp3 in Resources */ = {isa = PBXBuildFile; fileRef = 9E19D3DC1A63488C00480690 /* Yeehaw.mp3 */; };
		9E19D3DF1A63489000480690 /* Fart.mp3 in Resources */ = {isa = PBXBuildFile; fileRef = 9E19D3DE1A63489000480690 /* Fart.mp3 */; };
		9E19D3E11A6348E100480690 /* Snoring.mp3 in Resources */ = {isa = PBXBuildFile; fileRef = 9E19D3E01A6348E100480690 /* Snoring.mp3 */; };
		9E4F1B2F1A647697004D52A7 /* Moo.mp3 in Resources */ = {isa = PBXBuildFile; fileRef = 9E4F1B2B1A647697004D52A7 /* Moo.mp3 */; };
		9E4F1B301A647697004D52A7 /* Chicken.mp3 in Resources */ = {isa = PBXBuildFile; fileRef = 9E4F1B2C1A647697004D52A7 /* Chicken.mp3 */; };
		9E4F1B311A647697004D52A7 /* Pig.mp3 in Resources */ = {isa = PBXBuildFile; fileRef = 9E4F1B2D1A647697004D52A7 /* Pig.mp3 */; };
		9E4F1B321A647697004D52A7 /* Squirrel.mp3 in Resources */ = {isa = PBXBuildFile; fileRef = 9E4F1B2E1A647697004D52A7 /* Squirrel.mp3 */; };
		9E533E501A56F6D800D7DFF0 /* AppDelegate.swift in Sources */ = {isa = PBXBuildFile; fileRef = 9E533E4F1A56F6D800D7DFF0 /* AppDelegate.swift */; };
		9E533E521A56F6D800D7DFF0 /* ViewController.swift in Sources */ = {isa = PBXBuildFile; fileRef = 9E533E511A56F6D800D7DFF0 /* ViewController.swift */; };
		9E533E551A56F6D800D7DFF0 /* Main.storyboard in Resources */ = {isa = PBXBuildFile; fileRef = 9E533E531A56F6D800D7DFF0 /* Main.storyboard */; };
		9E533E571A56F6D800D7DFF0 /* Images.xcassets in Resources */ = {isa = PBXBuildFile; fileRef = 9E533E561A56F6D800D7DFF0 /* Images.xcassets */; };
		9E533E5A1A56F6D800D7DFF0 /* LaunchScreen.xib in Resources */ = {isa = PBXBuildFile; fileRef = 9E533E581A56F6D800D7DFF0 /* LaunchScreen.xib */; };
		9E533E661A56F6D900D7DFF0 /* SoundsTests.swift in Sources */ = {isa = PBXBuildFile; fileRef = 9E533E651A56F6D900D7DFF0 /* SoundsTests.swift */; };
		9E533E701A56FDC100D7DFF0 /* AudioToolbox.framework in Frameworks */ = {isa = PBXBuildFile; fileRef = 9E533E6F1A56FDC100D7DFF0 /* AudioToolbox.framework */; };
		9E533EA01A5701B000D7DFF0 /* AVFoundation.framework in Frameworks */ = {isa = PBXBuildFile; fileRef = 9E533E9F1A5701B000D7DFF0 /* AVFoundation.framework */; };
		9E5B1D821A9990CE00AC0601 /* BooReal.mp3 in Resources */ = {isa = PBXBuildFile; fileRef = 9E5B1D811A9990CE00AC0601 /* BooReal.mp3 */; };
		9E5B1D841A9990D300AC0601 /* WhooHoo.mp3 in Resources */ = {isa = PBXBuildFile; fileRef = 9E5B1D831A9990D300AC0601 /* WhooHoo.mp3 */; };
		9E5B1D861A9990DA00AC0601 /* Drama.mp3 in Resources */ = {isa = PBXBuildFile; fileRef = 9E5B1D851A9990DA00AC0601 /* Drama.mp3 */; };
		9E5B1D881A9990DE00AC0601 /* Laugh.mp3 in Resources */ = {isa = PBXBuildFile; fileRef = 9E5B1D871A9990DE00AC0601 /* Laugh.mp3 */; };
		9E5B1D8A1A9990E300AC0601 /* Clapping.mp3 in Resources */ = {isa = PBXBuildFile; fileRef = 9E5B1D891A9990E300AC0601 /* Clapping.mp3 */; };
		9E5B1D8C1A9990E800AC0601 /* You got it.mp3 in Resources */ = {isa = PBXBuildFile; fileRef = 9E5B1D8B1A9990E800AC0601 /* You got it.mp3 */; };
		9E5B1D8E1A9990ED00AC0601 /* Horn.mp3 in Resources */ = {isa = PBXBuildFile; fileRef = 9E5B1D8D1A9990ED00AC0601 /* Horn.mp3 */; };
		9E5B1D901A9990F300AC0601 /* Yeah.mp3 in Resources */ = {isa = PBXBuildFile; fileRef = 9E5B1D8F1A9990F300AC0601 /* Yeah.mp3 */; };
		9E5B1D921A9990F900AC0601 /* Chaching.mp3 in Resources */ = {isa = PBXBuildFile; fileRef = 9E5B1D911A9990F900AC0601 /* Chaching.mp3 */; };
		9E6447261A75B57200B90812 /* DomsFart.mp3 in Resources */ = {isa = PBXBuildFile; fileRef = 9E6447231A75B57200B90812 /* DomsFart.mp3 */; };
		9E6447271A75B57200B90812 /* SmellySound.mp3 in Resources */ = {isa = PBXBuildFile; fileRef = 9E6447241A75B57200B90812 /* SmellySound.mp3 */; };
		9E6447281A75B57200B90812 /* ButtSound.mp3 in Resources */ = {isa = PBXBuildFile; fileRef = 9E6447251A75B57200B90812 /* ButtSound.mp3 */; };
		9E64472A1A75BA2B00B90812 /* Sonic.mp3 in Resources */ = {isa = PBXBuildFile; fileRef = 9E6447291A75BA2B00B90812 /* Sonic.mp3 */; };
		9E9F5C051A73246900FF2DBD /* SamFart.mp3 in Resources */ = {isa = PBXBuildFile; fileRef = 9E9F5C041A73246900FF2DBD /* SamFart.mp3 */; };
		9E9F5C071A73247100FF2DBD /* GaryFart.mp3 in Resources */ = {isa = PBXBuildFile; fileRef = 9E9F5C061A73247100FF2DBD /* GaryFart.mp3 */; };
		9EDAEAEE1A7304F6001B34E7 /* ViewController3.swift in Sources */ = {isa = PBXBuildFile; fileRef = 9EDAEAED1A7304F6001B34E7 /* ViewController3.swift */; };
		9EEB4E441A76E52000DBE054 /* WolfWhistle.mp3 in Resources */ = {isa = PBXBuildFile; fileRef = 9EEB4E431A76E52000DBE054 /* WolfWhistle.mp3 */; };
		9EEB4E491A76E53800DBE054 /* Gremlin.mp3 in Resources */ = {isa = PBXBuildFile; fileRef = 9EEB4E471A76E53800DBE054 /* Gremlin.mp3 */; };
		9EEB4E4A1A76E53800DBE054 /* EvilLaugh.mp3 in Resources */ = {isa = PBXBuildFile; fileRef = 9EEB4E481A76E53800DBE054 /* EvilLaugh.mp3 */; };
		9EEB4E4C1A76E54700DBE054 /* Crickets.mp3 in Resources */ = {isa = PBXBuildFile; fileRef = 9EEB4E4B1A76E54700DBE054 /* Crickets.mp3 */; };
		9EEB4E4F1A76E55300DBE054 /* On Fleek.mp3 in Resources */ = {isa = PBXBuildFile; fileRef = 9EEB4E4D1A76E55300DBE054 /* On Fleek.mp3 */; };
		9EEB4E501A76E55300DBE054 /* Oh Snap.mp3 in Resources */ = {isa = PBXBuildFile; fileRef = 9EEB4E4E1A76E55300DBE054 /* Oh Snap.mp3 */; };
/* End PBXBuildFile section */

/* Begin PBXContainerItemProxy section */
		9E533E601A56F6D800D7DFF0 /* PBXContainerItemProxy */ = {
			isa = PBXContainerItemProxy;
			containerPortal = 9E533E421A56F6D800D7DFF0 /* Project object */;
			proxyType = 1;
			remoteGlobalIDString = 9E533E491A56F6D800D7DFF0;
			remoteInfo = Sounds;
		};
/* End PBXContainerItemProxy section */

/* Begin PBXFileReference section */
		5E01CCD01AB7760A004DBF8B /* ViewControllerSetup.swift */ = {isa = PBXFileReference; fileEncoding = 4; lastKnownFileType = sourcecode.swift; path = ViewControllerSetup.swift; sourceTree = "<group>"; };
		9E0F637D1A64674F00013538 /* ViewController2.swift */ = {isa = PBXFileReference; fileEncoding = 4; lastKnownFileType = sourcecode.swift; path = ViewController2.swift; sourceTree = "<group>"; };
		9E19D3D21A63279200480690 /* Explosion.mp3 */ = {isa = PBXFileReference; lastKnownFileType = audio.mp3; path = Explosion.mp3; sourceTree = "<group>"; };
		9E19D3D61A63487B00480690 /* PhoneStatic.mp3 */ = {isa = PBXFileReference; lastKnownFileType = audio.mp3; path = PhoneStatic.mp3; sourceTree = "<group>"; };
		9E19D3D81A63488300480690 /* Meow.mp3 */ = {isa = PBXFileReference; lastKnownFileType = audio.mp3; path = Meow.mp3; sourceTree = "<group>"; };
		9E19D3DA1A63488800480690 /* Woof.mp3 */ = {isa = PBXFileReference; lastKnownFileType = audio.mp3; path = Woof.mp3; sourceTree = "<group>"; };
		9E19D3DC1A63488C00480690 /* Yeehaw.mp3 */ = {isa = PBXFileReference; lastKnownFileType = audio.mp3; path = Yeehaw.mp3; sourceTree = "<group>"; };
		9E19D3DE1A63489000480690 /* Fart.mp3 */ = {isa = PBXFileReference; lastKnownFileType = audio.mp3; path = Fart.mp3; sourceTree = "<group>"; };
		9E19D3E01A6348E100480690 /* Snoring.mp3 */ = {isa = PBXFileReference; lastKnownFileType = audio.mp3; path = Snoring.mp3; sourceTree = "<group>"; };
		9E4F1B2B1A647697004D52A7 /* Moo.mp3 */ = {isa = PBXFileReference; lastKnownFileType = audio.mp3; path = Moo.mp3; sourceTree = "<group>"; };
		9E4F1B2C1A647697004D52A7 /* Chicken.mp3 */ = {isa = PBXFileReference; lastKnownFileType = audio.mp3; path = Chicken.mp3; sourceTree = "<group>"; };
		9E4F1B2D1A647697004D52A7 /* Pig.mp3 */ = {isa = PBXFileReference; lastKnownFileType = audio.mp3; path = Pig.mp3; sourceTree = "<group>"; };
		9E4F1B2E1A647697004D52A7 /* Squirrel.mp3 */ = {isa = PBXFileReference; lastKnownFileType = audio.mp3; path = Squirrel.mp3; sourceTree = "<group>"; };
		9E533E4A1A56F6D800D7DFF0 /* SoundX.app */ = {isa = PBXFileReference; explicitFileType = wrapper.application; includeInIndex = 0; path = SoundX.app; sourceTree = BUILT_PRODUCTS_DIR; };
		9E533E4E1A56F6D800D7DFF0 /* Info.plist */ = {isa = PBXFileReference; lastKnownFileType = text.plist.xml; path = Info.plist; sourceTree = "<group>"; };
		9E533E4F1A56F6D800D7DFF0 /* AppDelegate.swift */ = {isa = PBXFileReference; lastKnownFileType = sourcecode.swift; path = AppDelegate.swift; sourceTree = "<group>"; };
		9E533E511A56F6D800D7DFF0 /* ViewController.swift */ = {isa = PBXFileReference; lastKnownFileType = sourcecode.swift; path = ViewController.swift; sourceTree = "<group>"; };
		9E533E541A56F6D800D7DFF0 /* Base */ = {isa = PBXFileReference; lastKnownFileType = file.storyboard; name = Base; path = Base.lproj/Main.storyboard; sourceTree = "<group>"; };
		9E533E561A56F6D800D7DFF0 /* Images.xcassets */ = {isa = PBXFileReference; lastKnownFileType = folder.assetcatalog; path = Images.xcassets; sourceTree = "<group>"; };
		9E533E591A56F6D800D7DFF0 /* Base */ = {isa = PBXFileReference; lastKnownFileType = file.xib; name = Base; path = Base.lproj/LaunchScreen.xib; sourceTree = "<group>"; };
		9E533E5F1A56F6D800D7DFF0 /* SoundsTests.xctest */ = {isa = PBXFileReference; explicitFileType = wrapper.cfbundle; includeInIndex = 0; path = SoundsTests.xctest; sourceTree = BUILT_PRODUCTS_DIR; };
		9E533E641A56F6D900D7DFF0 /* Info.plist */ = {isa = PBXFileReference; lastKnownFileType = text.plist.xml; path = Info.plist; sourceTree = "<group>"; };
		9E533E651A56F6D900D7DFF0 /* SoundsTests.swift */ = {isa = PBXFileReference; lastKnownFileType = sourcecode.swift; path = SoundsTests.swift; sourceTree = "<group>"; };
		9E533E6F1A56FDC100D7DFF0 /* AudioToolbox.framework */ = {isa = PBXFileReference; lastKnownFileType = wrapper.framework; name = AudioToolbox.framework; path = System/Library/Frameworks/AudioToolbox.framework; sourceTree = SDKROOT; };
		9E533E9F1A5701B000D7DFF0 /* AVFoundation.framework */ = {isa = PBXFileReference; lastKnownFileType = wrapper.framework; name = AVFoundation.framework; path = System/Library/Frameworks/AVFoundation.framework; sourceTree = SDKROOT; };
		9E5B1D811A9990CE00AC0601 /* BooReal.mp3 */ = {isa = PBXFileReference; lastKnownFileType = audio.mp3; path = BooReal.mp3; sourceTree = "<group>"; };
		9E5B1D831A9990D300AC0601 /* WhooHoo.mp3 */ = {isa = PBXFileReference; lastKnownFileType = audio.mp3; path = WhooHoo.mp3; sourceTree = "<group>"; };
		9E5B1D851A9990DA00AC0601 /* Drama.mp3 */ = {isa = PBXFileReference; lastKnownFileType = audio.mp3; path = Drama.mp3; sourceTree = "<group>"; };
		9E5B1D871A9990DE00AC0601 /* Laugh.mp3 */ = {isa = PBXFileReference; lastKnownFileType = audio.mp3; path = Laugh.mp3; sourceTree = "<group>"; };
		9E5B1D891A9990E300AC0601 /* Clapping.mp3 */ = {isa = PBXFileReference; lastKnownFileType = audio.mp3; path = Clapping.mp3; sourceTree = "<group>"; };
		9E5B1D8B1A9990E800AC0601 /* You got it.mp3 */ = {isa = PBXFileReference; lastKnownFileType = audio.mp3; path = "You got it.mp3"; sourceTree = "<group>"; };
		9E5B1D8D1A9990ED00AC0601 /* Horn.mp3 */ = {isa = PBXFileReference; lastKnownFileType = audio.mp3; path = Horn.mp3; sourceTree = "<group>"; };
		9E5B1D8F1A9990F300AC0601 /* Yeah.mp3 */ = {isa = PBXFileReference; lastKnownFileType = audio.mp3; path = Yeah.mp3; sourceTree = "<group>"; };
		9E5B1D911A9990F900AC0601 /* Chaching.mp3 */ = {isa = PBXFileReference; lastKnownFileType = audio.mp3; path = Chaching.mp3; sourceTree = "<group>"; };
		9E6447231A75B57200B90812 /* DomsFart.mp3 */ = {isa = PBXFileReference; lastKnownFileType = audio.mp3; path = DomsFart.mp3; sourceTree = "<group>"; };
		9E6447241A75B57200B90812 /* SmellySound.mp3 */ = {isa = PBXFileReference; lastKnownFileType = audio.mp3; path = SmellySound.mp3; sourceTree = "<group>"; };
		9E6447251A75B57200B90812 /* ButtSound.mp3 */ = {isa = PBXFileReference; lastKnownFileType = audio.mp3; path = ButtSound.mp3; sourceTree = "<group>"; };
		9E6447291A75BA2B00B90812 /* Sonic.mp3 */ = {isa = PBXFileReference; lastKnownFileType = audio.mp3; path = Sonic.mp3; sourceTree = "<group>"; };
		9E9F5C041A73246900FF2DBD /* SamFart.mp3 */ = {isa = PBXFileReference; lastKnownFileType = audio.mp3; path = SamFart.mp3; sourceTree = "<group>"; };
		9E9F5C061A73247100FF2DBD /* GaryFart.mp3 */ = {isa = PBXFileReference; lastKnownFileType = audio.mp3; path = GaryFart.mp3; sourceTree = "<group>"; };
		9EDAEAED1A7304F6001B34E7 /* ViewController3.swift */ = {isa = PBXFileReference; fileEncoding = 4; lastKnownFileType = sourcecode.swift; path = ViewController3.swift; sourceTree = "<group>"; };
		9EEB4E431A76E52000DBE054 /* WolfWhistle.mp3 */ = {isa = PBXFileReference; lastKnownFileType = audio.mp3; path = WolfWhistle.mp3; sourceTree = "<group>"; };
		9EEB4E471A76E53800DBE054 /* Gremlin.mp3 */ = {isa = PBXFileReference; lastKnownFileType = audio.mp3; path = Gremlin.mp3; sourceTree = "<group>"; };
		9EEB4E481A76E53800DBE054 /* EvilLaugh.mp3 */ = {isa = PBXFileReference; lastKnownFileType = audio.mp3; path = EvilLaugh.mp3; sourceTree = "<group>"; };
		9EEB4E4B1A76E54700DBE054 /* Crickets.mp3 */ = {isa = PBXFileReference; lastKnownFileType = audio.mp3; path = Crickets.mp3; sourceTree = "<group>"; };
		9EEB4E4D1A76E55300DBE054 /* On Fleek.mp3 */ = {isa = PBXFileReference; lastKnownFileType = audio.mp3; path = "On Fleek.mp3"; sourceTree = "<group>"; };
		9EEB4E4E1A76E55300DBE054 /* Oh Snap.mp3 */ = {isa = PBXFileReference; lastKnownFileType = audio.mp3; path = "Oh Snap.mp3"; sourceTree = "<group>"; };
/* End PBXFileReference section */

/* Begin PBXFrameworksBuildPhase section */
		9E533E471A56F6D800D7DFF0 /* Frameworks */ = {
			isa = PBXFrameworksBuildPhase;
			buildActionMask = 2147483647;
			files = (
				9E533EA01A5701B000D7DFF0 /* AVFoundation.framework in Frameworks */,
				9E533E701A56FDC100D7DFF0 /* AudioToolbox.framework in Frameworks */,
			);
			runOnlyForDeploymentPostprocessing = 0;
		};
		9E533E5C1A56F6D800D7DFF0 /* Frameworks */ = {
			isa = PBXFrameworksBuildPhase;
			buildActionMask = 2147483647;
			files = (
			);
			runOnlyForDeploymentPostprocessing = 0;
		};
/* End PBXFrameworksBuildPhase section */

/* Begin PBXGroup section */
		9E533E411A56F6D800D7DFF0 = {
			isa = PBXGroup;
			children = (
				9E533E9F1A5701B000D7DFF0 /* AVFoundation.framework */,
				9E533E6F1A56FDC100D7DFF0 /* AudioToolbox.framework */,
				9E533E4C1A56F6D800D7DFF0 /* Sounds */,
				9E533E621A56F6D900D7DFF0 /* SoundsTests */,
				9E533E4B1A56F6D800D7DFF0 /* Products */,
			);
			sourceTree = "<group>";
		};
		9E533E4B1A56F6D800D7DFF0 /* Products */ = {
			isa = PBXGroup;
			children = (
				9E533E4A1A56F6D800D7DFF0 /* SoundX.app */,
				9E533E5F1A56F6D800D7DFF0 /* SoundsTests.xctest */,
			);
			name = Products;
			sourceTree = "<group>";
		};
		9E533E4C1A56F6D800D7DFF0 /* Sounds */ = {
			isa = PBXGroup;
			children = (
				9E533E4F1A56F6D800D7DFF0 /* AppDelegate.swift */,
				5E01CCD01AB7760A004DBF8B /* ViewControllerSetup.swift */,
				9E533E511A56F6D800D7DFF0 /* ViewController.swift */,
				9E0F637D1A64674F00013538 /* ViewController2.swift */,
				9EDAEAED1A7304F6001B34E7 /* ViewController3.swift */,
				9E533E531A56F6D800D7DFF0 /* Main.storyboard */,
				9E533E561A56F6D800D7DFF0 /* Images.xcassets */,
				9E533E581A56F6D800D7DFF0 /* LaunchScreen.xib */,
				9E533E4D1A56F6D800D7DFF0 /* Supporting Files */,
			);
			path = Sounds;
			sourceTree = "<group>";
		};
		9E533E4D1A56F6D800D7DFF0 /* Supporting Files */ = {
			isa = PBXGroup;
			children = (
				9E4F1B2B1A647697004D52A7 /* Moo.mp3 */,
				9E19D3DE1A63489000480690 /* Fart.mp3 */,
				9E19D3DC1A63488C00480690 /* Yeehaw.mp3 */,
				9E19D3DA1A63488800480690 /* Woof.mp3 */,
				9E19D3E01A6348E100480690 /* Snoring.mp3 */,
				9E9F5C061A73247100FF2DBD /* GaryFart.mp3 */,
				9E19D3D81A63488300480690 /* Meow.mp3 */,
				9E4F1B2C1A647697004D52A7 /* Chicken.mp3 */,
				9EEB4E4D1A76E55300DBE054 /* On Fleek.mp3 */,
				9EEB4E4E1A76E55300DBE054 /* Oh Snap.mp3 */,
				9E9F5C041A73246900FF2DBD /* SamFart.mp3 */,
				9E6447291A75BA2B00B90812 /* Sonic.mp3 */,
				9E6447231A75B57200B90812 /* DomsFart.mp3 */,
				9E6447241A75B57200B90812 /* SmellySound.mp3 */,
				9E6447251A75B57200B90812 /* ButtSound.mp3 */,
				9EEB4E4B1A76E54700DBE054 /* Crickets.mp3 */,
				9E5B1D911A9990F900AC0601 /* Chaching.mp3 */,
				9E4F1B2D1A647697004D52A7 /* Pig.mp3 */,
				9EEB4E471A76E53800DBE054 /* Gremlin.mp3 */,
				9E5B1D891A9990E300AC0601 /* Clapping.mp3 */,
				9E5B1D851A9990DA00AC0601 /* Drama.mp3 */,
				9E5B1D8F1A9990F300AC0601 /* Yeah.mp3 */,
				9E5B1D871A9990DE00AC0601 /* Laugh.mp3 */,
				9E5B1D8D1A9990ED00AC0601 /* Horn.mp3 */,
				9E5B1D8B1A9990E800AC0601 /* You got it.mp3 */,
				9E5B1D811A9990CE00AC0601 /* BooReal.mp3 */,
				9E5B1D831A9990D300AC0601 /* WhooHoo.mp3 */,
				9EEB4E481A76E53800DBE054 /* EvilLaugh.mp3 */,
				9EEB4E431A76E52000DBE054 /* WolfWhistle.mp3 */,
				9E4F1B2E1A647697004D52A7 /* Squirrel.mp3 */,
				9E19D3D61A63487B00480690 /* PhoneStatic.mp3 */,
				9E19D3D21A63279200480690 /* Explosion.mp3 */,
				9E533E4E1A56F6D800D7DFF0 /* Info.plist */,
			);
			name = "Supporting Files";
			sourceTree = "<group>";
		};
		9E533E621A56F6D900D7DFF0 /* SoundsTests */ = {
			isa = PBXGroup;
			children = (
				9E533E651A56F6D900D7DFF0 /* SoundsTests.swift */,
				9E533E631A56F6D900D7DFF0 /* Supporting Files */,
			);
			path = SoundsTests;
			sourceTree = "<group>";
		};
		9E533E631A56F6D900D7DFF0 /* Supporting Files */ = {
			isa = PBXGroup;
			children = (
				9E533E641A56F6D900D7DFF0 /* Info.plist */,
			);
			name = "Supporting Files";
			sourceTree = "<group>";
		};
/* End PBXGroup section */

/* Begin PBXNativeTarget section */
		9E533E491A56F6D800D7DFF0 /* Sounds */ = {
			isa = PBXNativeTarget;
			buildConfigurationList = 9E533E691A56F6D900D7DFF0 /* Build configuration list for PBXNativeTarget "Sounds" */;
			buildPhases = (
				9E533E461A56F6D800D7DFF0 /* Sources */,
				9E533E471A56F6D800D7DFF0 /* Frameworks */,
				9E533E481A56F6D800D7DFF0 /* Resources */,
			);
			buildRules = (
			);
			dependencies = (
			);
			name = Sounds;
			productName = Sounds;
			productReference = 9E533E4A1A56F6D800D7DFF0 /* SoundX.app */;
			productType = "com.apple.product-type.application";
		};
		9E533E5E1A56F6D800D7DFF0 /* SoundsTests */ = {
			isa = PBXNativeTarget;
			buildConfigurationList = 9E533E6C1A56F6D900D7DFF0 /* Build configuration list for PBXNativeTarget "SoundsTests" */;
			buildPhases = (
				9E533E5B1A56F6D800D7DFF0 /* Sources */,
				9E533E5C1A56F6D800D7DFF0 /* Frameworks */,
				9E533E5D1A56F6D800D7DFF0 /* Resources */,
			);
			buildRules = (
			);
			dependencies = (
				9E533E611A56F6D800D7DFF0 /* PBXTargetDependency */,
			);
			name = SoundsTests;
			productName = SoundsTests;
			productReference = 9E533E5F1A56F6D800D7DFF0 /* SoundsTests.xctest */;
			productType = "com.apple.product-type.bundle.unit-test";
		};
/* End PBXNativeTarget section */

/* Begin PBXProject section */
		9E533E421A56F6D800D7DFF0 /* Project object */ = {
			isa = PBXProject;
			attributes = {
				LastUpgradeCheck = 0610;
				ORGANIZATIONNAME = "Cherie Luo";
				TargetAttributes = {
					9E533E491A56F6D800D7DFF0 = {
						CreatedOnToolsVersion = 6.1.1;
						DevelopmentTeam = RHNV33534J;
					};
					9E533E5E1A56F6D800D7DFF0 = {
						CreatedOnToolsVersion = 6.1.1;
						TestTargetID = 9E533E491A56F6D800D7DFF0;
					};
				};
			};
			buildConfigurationList = 9E533E451A56F6D800D7DFF0 /* Build configuration list for PBXProject "Sounds" */;
			compatibilityVersion = "Xcode 3.2";
			developmentRegion = English;
			hasScannedForEncodings = 0;
			knownRegions = (
				en,
				Base,
			);
			mainGroup = 9E533E411A56F6D800D7DFF0;
			productRefGroup = 9E533E4B1A56F6D800D7DFF0 /* Products */;
			projectDirPath = "";
			projectRoot = "";
			targets = (
				9E533E491A56F6D800D7DFF0 /* Sounds */,
				9E533E5E1A56F6D800D7DFF0 /* SoundsTests */,
			);
		};
/* End PBXProject section */

/* Begin PBXResourcesBuildPhase section */
		9E533E481A56F6D800D7DFF0 /* Resources */ = {
			isa = PBXResourcesBuildPhase;
			buildActionMask = 2147483647;
			files = (
				9E6447271A75B57200B90812 /* SmellySound.mp3 in Resources */,
				9E19D3DB1A63488800480690 /* Woof.mp3 in Resources */,
				9E4F1B321A647697004D52A7 /* Squirrel.mp3 in Resources */,
				9E5B1D8C1A9990E800AC0601 /* You got it.mp3 in Resources */,
				9E4F1B2F1A647697004D52A7 /* Moo.mp3 in Resources */,
				9E6447281A75B57200B90812 /* ButtSound.mp3 in Resources */,
				9E533E551A56F6D800D7DFF0 /* Main.storyboard in Resources */,
				9E5B1D8A1A9990E300AC0601 /* Clapping.mp3 in Resources */,
				9E4F1B311A647697004D52A7 /* Pig.mp3 in Resources */,
				9E5B1D8E1A9990ED00AC0601 /* Horn.mp3 in Resources */,
				9E5B1D821A9990CE00AC0601 /* BooReal.mp3 in Resources */,
				9E64472A1A75BA2B00B90812 /* Sonic.mp3 in Resources */,
				9E19D3DF1A63489000480690 /* Fart.mp3 in Resources */,
				9E19D3DD1A63488C00480690 /* Yeehaw.mp3 in Resources */,
				9EEB4E4F1A76E55300DBE054 /* On Fleek.mp3 in Resources */,
				9E5B1D861A9990DA00AC0601 /* Drama.mp3 in Resources */,
				9E5B1D841A9990D300AC0601 /* WhooHoo.mp3 in Resources */,
				9E19D3E11A6348E100480690 /* Snoring.mp3 in Resources */,
				9E19D3D71A63487B00480690 /* PhoneStatic.mp3 in Resources */,
				9E533E5A1A56F6D800D7DFF0 /* LaunchScreen.xib in Resources */,
				9EEB4E4A1A76E53800DBE054 /* EvilLaugh.mp3 in Resources */,
				9E5B1D921A9990F900AC0601 /* Chaching.mp3 in Resources */,
				9E19D3D31A63279200480690 /* Explosion.mp3 in Resources */,
				9E5B1D881A9990DE00AC0601 /* Laugh.mp3 in Resources */,
				9E19D3D91A63488300480690 /* Meow.mp3 in Resources */,
				9E6447261A75B57200B90812 /* DomsFart.mp3 in Resources */,
				9EEB4E4C1A76E54700DBE054 /* Crickets.mp3 in Resources */,
				9E9F5C071A73247100FF2DBD /* GaryFart.mp3 in Resources */,
				9E4F1B301A647697004D52A7 /* Chicken.mp3 in Resources */,
				9E533E571A56F6D800D7DFF0 /* Images.xcassets in Resources */,
				9EEB4E491A76E53800DBE054 /* Gremlin.mp3 in Resources */,
				9EEB4E441A76E52000DBE054 /* WolfWhistle.mp3 in Resources */,
				9EEB4E501A76E55300DBE054 /* Oh Snap.mp3 in Resources */,
				9E5B1D901A9990F300AC0601 /* Yeah.mp3 in Resources */,
				9E9F5C051A73246900FF2DBD /* SamFart.mp3 in Resources */,
			);
			runOnlyForDeploymentPostprocessing = 0;
		};
		9E533E5D1A56F6D800D7DFF0 /* Resources */ = {
			isa = PBXResourcesBuildPhase;
			buildActionMask = 2147483647;
			files = (
			);
			runOnlyForDeploymentPostprocessing = 0;
		};
/* End PBXResourcesBuildPhase section */

/* Begin PBXSourcesBuildPhase section */
		9E533E461A56F6D800D7DFF0 /* Sources */ = {
			isa = PBXSourcesBuildPhase;
			buildActionMask = 2147483647;
			files = (
				9E533E521A56F6D800D7DFF0 /* ViewController.swift in Sources */,
				9E533E501A56F6D800D7DFF0 /* AppDelegate.swift in Sources */,
				9EDAEAEE1A7304F6001B34E7 /* ViewController3.swift in Sources */,
				5E01CCD11AB7760A004DBF8B /* ViewControllerSetup.swift in Sources */,
				9E0F637E1A64674F00013538 /* ViewController2.swift in Sources */,
			);
			runOnlyForDeploymentPostprocessing = 0;
		};
		9E533E5B1A56F6D800D7DFF0 /* Sources */ = {
			isa = PBXSourcesBuildPhase;
			buildActionMask = 2147483647;
			files = (
				9E533E661A56F6D900D7DFF0 /* SoundsTests.swift in Sources */,
			);
			runOnlyForDeploymentPostprocessing = 0;
		};
/* End PBXSourcesBuildPhase section */

/* Begin PBXTargetDependency section */
		9E533E611A56F6D800D7DFF0 /* PBXTargetDependency */ = {
			isa = PBXTargetDependency;
			target = 9E533E491A56F6D800D7DFF0 /* Sounds */;
			targetProxy = 9E533E601A56F6D800D7DFF0 /* PBXContainerItemProxy */;
		};
/* End PBXTargetDependency section */

/* Begin PBXVariantGroup section */
		9E533E531A56F6D800D7DFF0 /* Main.storyboard */ = {
			isa = PBXVariantGroup;
			children = (
				9E533E541A56F6D800D7DFF0 /* Base */,
			);
			name = Main.storyboard;
			sourceTree = "<group>";
		};
		9E533E581A56F6D800D7DFF0 /* LaunchScreen.xib */ = {
			isa = PBXVariantGroup;
			children = (
				9E533E591A56F6D800D7DFF0 /* Base */,
			);
			name = LaunchScreen.xib;
			sourceTree = "<group>";
		};
/* End PBXVariantGroup section */

/* Begin XCBuildConfiguration section */
		9E533E671A56F6D900D7DFF0 /* Debug */ = {
			isa = XCBuildConfiguration;
			buildSettings = {
				ALWAYS_SEARCH_USER_PATHS = NO;
				CLANG_CXX_LANGUAGE_STANDARD = "gnu++0x";
				CLANG_CXX_LIBRARY = "libc++";
				CLANG_ENABLE_MODULES = YES;
				CLANG_ENABLE_OBJC_ARC = YES;
				CLANG_WARN_BOOL_CONVERSION = YES;
				CLANG_WARN_CONSTANT_CONVERSION = YES;
				CLANG_WARN_DIRECT_OBJC_ISA_USAGE = YES_ERROR;
				CLANG_WARN_EMPTY_BODY = YES;
				CLANG_WARN_ENUM_CONVERSION = YES;
				CLANG_WARN_INT_CONVERSION = YES;
				CLANG_WARN_OBJC_ROOT_CLASS = YES_ERROR;
				CLANG_WARN_UNREACHABLE_CODE = YES;
				CLANG_WARN__DUPLICATE_METHOD_MATCH = YES;
				"CODE_SIGN_IDENTITY[sdk=iphoneos*]" = "iPhone Developer";
				COPY_PHASE_STRIP = NO;
				ENABLE_STRICT_OBJC_MSGSEND = YES;
				GCC_C_LANGUAGE_STANDARD = gnu99;
				GCC_DYNAMIC_NO_PIC = NO;
				GCC_OPTIMIZATION_LEVEL = 0;
				GCC_PREPROCESSOR_DEFINITIONS = (
					"DEBUG=1",
					"$(inherited)",
				);
				GCC_SYMBOLS_PRIVATE_EXTERN = NO;
				GCC_WARN_64_TO_32_BIT_CONVERSION = YES;
				GCC_WARN_ABOUT_RETURN_TYPE = YES_ERROR;
				GCC_WARN_UNDECLARED_SELECTOR = YES;
				GCC_WARN_UNINITIALIZED_AUTOS = YES_AGGRESSIVE;
				GCC_WARN_UNUSED_FUNCTION = YES;
				GCC_WARN_UNUSED_VARIABLE = YES;
				IPHONEOS_DEPLOYMENT_TARGET = 8.1;
				MTL_ENABLE_DEBUG_INFO = YES;
				ONLY_ACTIVE_ARCH = YES;
				SDKROOT = iphoneos;
				SWIFT_OPTIMIZATION_LEVEL = "-Onone";
				TARGETED_DEVICE_FAMILY = "1,2";
			};
			name = Debug;
		};
		9E533E681A56F6D900D7DFF0 /* Release */ = {
			isa = XCBuildConfiguration;
			buildSettings = {
				ALWAYS_SEARCH_USER_PATHS = NO;
				CLANG_CXX_LANGUAGE_STANDARD = "gnu++0x";
				CLANG_CXX_LIBRARY = "libc++";
				CLANG_ENABLE_MODULES = YES;
				CLANG_ENABLE_OBJC_ARC = YES;
				CLANG_WARN_BOOL_CONVERSION = YES;
				CLANG_WARN_CONSTANT_CONVERSION = YES;
				CLANG_WARN_DIRECT_OBJC_ISA_USAGE = YES_ERROR;
				CLANG_WARN_EMPTY_BODY = YES;
				CLANG_WARN_ENUM_CONVERSION = YES;
				CLANG_WARN_INT_CONVERSION = YES;
				CLANG_WARN_OBJC_ROOT_CLASS = YES_ERROR;
				CLANG_WARN_UNREACHABLE_CODE = YES;
				CLANG_WARN__DUPLICATE_METHOD_MATCH = YES;
				"CODE_SIGN_IDENTITY[sdk=iphoneos*]" = "iPhone Developer";
				COPY_PHASE_STRIP = YES;
				ENABLE_NS_ASSERTIONS = NO;
				ENABLE_STRICT_OBJC_MSGSEND = YES;
				GCC_C_LANGUAGE_STANDARD = gnu99;
				GCC_WARN_64_TO_32_BIT_CONVERSION = YES;
				GCC_WARN_ABOUT_RETURN_TYPE = YES_ERROR;
				GCC_WARN_UNDECLARED_SELECTOR = YES;
				GCC_WARN_UNINITIALIZED_AUTOS = YES_AGGRESSIVE;
				GCC_WARN_UNUSED_FUNCTION = YES;
				GCC_WARN_UNUSED_VARIABLE = YES;
				IPHONEOS_DEPLOYMENT_TARGET = 8.1;
				MTL_ENABLE_DEBUG_INFO = NO;
				SDKROOT = iphoneos;
				TARGETED_DEVICE_FAMILY = "1,2";
				VALIDATE_PRODUCT = YES;
			};
			name = Release;
		};
		9E533E6A1A56F6D900D7DFF0 /* Debug */ = {
			isa = XCBuildConfiguration;
			buildSettings = {
				ASSETCATALOG_COMPILER_APPICON_NAME = "AppIcon-2";
				ASSETCATALOG_COMPILER_LAUNCHIMAGE_NAME = LaunchImage;
				CODE_SIGN_IDENTITY = "iPhone Developer";
				INFOPLIST_FILE = Sounds/Info.plist;
				IPHONEOS_DEPLOYMENT_TARGET = 8.0;
				LD_RUNPATH_SEARCH_PATHS = "$(inherited) @executable_path/Frameworks";
				PRODUCT_NAME = SoundX;
				SKIP_INSTALL = NO;
				TARGETED_DEVICE_FAMILY = 1;
				VALIDATE_PRODUCT = NO;
			};
			name = Debug;
		};
		9E533E6B1A56F6D900D7DFF0 /* Release */ = {
			isa = XCBuildConfiguration;
			buildSettings = {
				ASSETCATALOG_COMPILER_APPICON_NAME = "AppIcon-2";
				ASSETCATALOG_COMPILER_LAUNCHIMAGE_NAME = LaunchImage;
				CODE_SIGN_IDENTITY = "iPhone Developer";
				INFOPLIST_FILE = Sounds/Info.plist;
				IPHONEOS_DEPLOYMENT_TARGET = 8.0;
				LD_RUNPATH_SEARCH_PATHS = "$(inherited) @executable_path/Frameworks";
				PRODUCT_NAME = SoundX;
				SKIP_INSTALL = NO;
				TARGETED_DEVICE_FAMILY = 1;
			};
			name = Release;
		};
		9E533E6D1A56F6D900D7DFF0 /* Debug */ = {
			isa = XCBuildConfiguration;
			buildSettings = {
				BUNDLE_LOADER = "$(TEST_HOST)";
				FRAMEWORK_SEARCH_PATHS = (
					"$(SDKROOT)/Developer/Library/Frameworks",
					"$(inherited)",
				);
				GCC_PREPROCESSOR_DEFINITIONS = (
					"DEBUG=1",
					"$(inherited)",
				);
				INFOPLIST_FILE = SoundsTests/Info.plist;
				LD_RUNPATH_SEARCH_PATHS = "$(inherited) @executable_path/Frameworks @loader_path/Frameworks";
				PRODUCT_NAME = "$(TARGET_NAME)";
				TEST_HOST = "$(BUILT_PRODUCTS_DIR)/Sounds.app/Sounds";
			};
			name = Debug;
		};
		9E533E6E1A56F6D900D7DFF0 /* Release */ = {
			isa = XCBuildConfiguration;
			buildSettings = {
				BUNDLE_LOADER = "$(TEST_HOST)";
				FRAMEWORK_SEARCH_PATHS = (
					"$(SDKROOT)/Developer/Library/Frameworks",
					"$(inherited)",
				);
				INFOPLIST_FILE = SoundsTests/Info.plist;
				LD_RUNPATH_SEARCH_PATHS = "$(inherited) @executable_path/Frameworks @loader_path/Frameworks";
				PRODUCT_NAME = "$(TARGET_NAME)";
				TEST_HOST = "$(BUILT_PRODUCTS_DIR)/Sounds.app/Sounds";
			};
			name = Release;
		};
/* End XCBuildConfiguration section */

/* Begin XCConfigurationList section */
		9E533E451A56F6D800D7DFF0 /* Build configuration list for PBXProject "Sounds" */ = {
			isa = XCConfigurationList;
			buildConfigurations = (
				9E533E671A56F6D900D7DFF0 /* Debug */,
				9E533E681A56F6D900D7DFF0 /* Release */,
			);
			defaultConfigurationIsVisible = 0;
			defaultConfigurationName = Release;
		};
		9E533E691A56F6D900D7DFF0 /* Build configuration list for PBXNativeTarget "Sounds" */ = {
			isa = XCConfigurationList;
			buildConfigurations = (
				9E533E6A1A56F6D900D7DFF0 /* Debug */,
				9E533E6B1A56F6D900D7DFF0 /* Release */,
			);
			defaultConfigurationIsVisible = 0;
			defaultConfigurationName = Release;
		};
		9E533E6C1A56F6D900D7DFF0 /* Build configuration list for PBXNativeTarget "SoundsTests" */ = {
			isa = XCConfigurationList;
			buildConfigurations = (
				9E533E6D1A56F6D900D7DFF0 /* Debug */,
				9E533E6E1A56F6D900D7DFF0 /* Release */,
			);
			defaultConfigurationIsVisible = 0;
			defaultConfigurationName = Release;
		};
/* End XCConfigurationList section */
	};
	rootObject = 9E533E421A56F6D800D7DFF0 /* Project object */;
}
